// !$*UTF8*$!
{
	archiveVersion = 1;
	classes = {
	};
	objectVersion = 46;
	objects = {

/* Begin PBXBuildFile section */
		8DC2EF530486A6940098B216 /* InfoPlist.strings in Resources */ = {isa = PBXBuildFile; fileRef = 089C1666FE841158C02AAC07 /* InfoPlist.strings */; };
		A2072E6410D5F66D00EB85F5 /* License.txt in Resources */ = {isa = PBXBuildFile; fileRef = A2072E6310D5F66D00EB85F5 /* License.txt */; };
		A2072E6710D5F6E400EB85F5 /* README.markdown in Resources */ = {isa = PBXBuildFile; fileRef = A238475510D4B90B001419CF /* README.markdown */; };
		A251D8E310D365A80095AD12 /* SSHTunnel.h in Headers */ = {isa = PBXBuildFile; fileRef = A251D8E110D365A80095AD12 /* SSHTunnel.h */; settings = {ATTRIBUTES = (Public, ); }; };
		A251D8E410D365A80095AD12 /* SSHTunnel.m in Sources */ = {isa = PBXBuildFile; fileRef = A251D8E210D365A80095AD12 /* SSHTunnel.m */; };
		A251D95E10D3A5B90095AD12 /* SSHTunnelHelper.m in Sources */ = {isa = PBXBuildFile; fileRef = A251D95410D3A50F0095AD12 /* SSHTunnelHelper.m */; };
		A251D95F10D3A5C80095AD12 /* Foundation.framework in Frameworks */ = {isa = PBXBuildFile; fileRef = 0867D69BFE84028FC02AAC07 /* Foundation.framework */; };
		A251D9E910D3A62B0095AD12 /* SSHTunnelHelper in Resources */ = {isa = PBXBuildFile; fileRef = A251D95A10D3A5B00095AD12 /* SSHTunnelHelper */; };
		A2BE7DD410D4611E008F0738 /* SSHTunnelDebug.h in Headers */ = {isa = PBXBuildFile; fileRef = A2BE7DD310D4611E008F0738 /* SSHTunnelDebug.h */; };
		A2E5746F10D3AF530098694A /* Foundation.framework in Frameworks */ = {isa = PBXBuildFile; fileRef = A2E573CD10D3A6E70098694A /* Foundation.framework */; };
		A2F1DF3210D9EAB4002333AF /* isportinuse.sh in Resources */ = {isa = PBXBuildFile; fileRef = A2F1DF3110D9EAB4002333AF /* isportinuse.sh */; };
/* End PBXBuildFile section */

/* Begin PBXContainerItemProxy section */
		A251D9DF10D3A5D20095AD12 /* PBXContainerItemProxy */ = {
			isa = PBXContainerItemProxy;
			containerPortal = 0867D690FE84028FC02AAC07 /* Project object */;
			proxyType = 1;
			remoteGlobalIDString = A251D95910D3A5B00095AD12;
			remoteInfo = SSHTunnelHelper;
		};
/* End PBXContainerItemProxy section */

/* Begin PBXFileReference section */
		0867D69BFE84028FC02AAC07 /* Foundation.framework */ = {isa = PBXFileReference; lastKnownFileType = wrapper.framework; name = Foundation.framework; path = /System/Library/Frameworks/Foundation.framework; sourceTree = "<absolute>"; };
		0867D6A5FE840307C02AAC07 /* AppKit.framework */ = {isa = PBXFileReference; lastKnownFileType = wrapper.framework; name = AppKit.framework; path = /System/Library/Frameworks/AppKit.framework; sourceTree = "<absolute>"; };
		089C1667FE841158C02AAC07 /* English */ = {isa = PBXFileReference; fileEncoding = 4; lastKnownFileType = text.plist.strings; name = English; path = English.lproj/InfoPlist.strings; sourceTree = "<group>"; };
		1058C7B1FEA5585E11CA2CBB /* Cocoa.framework */ = {isa = PBXFileReference; lastKnownFileType = wrapper.framework; name = Cocoa.framework; path = /System/Library/Frameworks/Cocoa.framework; sourceTree = "<absolute>"; };
		32DBCF5E0370ADEE00C91783 /* SSHTunnel_Prefix.pch */ = {isa = PBXFileReference; fileEncoding = 4; lastKnownFileType = sourcecode.c.h; path = SSHTunnel_Prefix.pch; sourceTree = "<group>"; };
		8DC2EF5A0486A6940098B216 /* Info.plist */ = {isa = PBXFileReference; fileEncoding = 4; lastKnownFileType = text.plist.xml; path = Info.plist; sourceTree = "<group>"; };
		8DC2EF5B0486A6940098B216 /* SSHTunnel.framework */ = {isa = PBXFileReference; explicitFileType = wrapper.framework; includeInIndex = 0; path = SSHTunnel.framework; sourceTree = BUILT_PRODUCTS_DIR; };
		A2072E6310D5F66D00EB85F5 /* License.txt */ = {isa = PBXFileReference; fileEncoding = 4; lastKnownFileType = text; path = License.txt; sourceTree = "<group>"; };
		A238475510D4B90B001419CF /* README.markdown */ = {isa = PBXFileReference; fileEncoding = 4; lastKnownFileType = text; path = README.markdown; sourceTree = "<group>"; };
		A238492410D4F544001419CF /* TODO.markdown */ = {isa = PBXFileReference; fileEncoding = 4; lastKnownFileType = text; path = TODO.markdown; sourceTree = "<group>"; };
		A251D8E110D365A80095AD12 /* SSHTunnel.h */ = {isa = PBXFileReference; fileEncoding = 4; lastKnownFileType = sourcecode.c.h; path = SSHTunnel.h; sourceTree = "<group>"; };
		A251D8E210D365A80095AD12 /* SSHTunnel.m */ = {isa = PBXFileReference; fileEncoding = 4; lastKnownFileType = sourcecode.c.objc; path = SSHTunnel.m; sourceTree = "<group>"; };
		A251D95410D3A50F0095AD12 /* SSHTunnelHelper.m */ = {isa = PBXFileReference; fileEncoding = 4; lastKnownFileType = sourcecode.c.objc; path = SSHTunnelHelper.m; sourceTree = "<group>"; };
		A251D95A10D3A5B00095AD12 /* SSHTunnelHelper */ = {isa = PBXFileReference; explicitFileType = "compiled.mach-o.executable"; includeInIndex = 0; path = SSHTunnelHelper; sourceTree = BUILT_PRODUCTS_DIR; };
		A2BE7DD310D4611E008F0738 /* SSHTunnelDebug.h */ = {isa = PBXFileReference; fileEncoding = 4; lastKnownFileType = sourcecode.c.h; path = SSHTunnelDebug.h; sourceTree = "<group>"; };
		A2E573CD10D3A6E70098694A /* Foundation.framework */ = {isa = PBXFileReference; lastKnownFileType = wrapper.framework; name = Foundation.framework; path = System/Library/Frameworks/Foundation.framework; sourceTree = SDKROOT; };
		A2F1DF3110D9EAB4002333AF /* isportinuse.sh */ = {isa = PBXFileReference; fileEncoding = 4; lastKnownFileType = text.script.sh; path = isportinuse.sh; sourceTree = "<group>"; };
		D2F7E79907B2D74100F64583 /* CoreData.framework */ = {isa = PBXFileReference; lastKnownFileType = wrapper.framework; name = CoreData.framework; path = /System/Library/Frameworks/CoreData.framework; sourceTree = "<absolute>"; };
/* End PBXFileReference section */

/* Begin PBXFrameworksBuildPhase section */
		8DC2EF560486A6940098B216 /* Frameworks */ = {
			isa = PBXFrameworksBuildPhase;
			buildActionMask = 2147483647;
			files = (
				A2E5746F10D3AF530098694A /* Foundation.framework in Frameworks */,
			);
			runOnlyForDeploymentPostprocessing = 0;
		};
		A251D95810D3A5B00095AD12 /* Frameworks */ = {
			isa = PBXFrameworksBuildPhase;
			buildActionMask = 2147483647;
			files = (
				A251D95F10D3A5C80095AD12 /* Foundation.framework in Frameworks */,
			);
			runOnlyForDeploymentPostprocessing = 0;
		};
/* End PBXFrameworksBuildPhase section */

/* Begin PBXGroup section */
		034768DFFF38A50411DB9C8B /* Products */ = {
			isa = PBXGroup;
			children = (
				8DC2EF5B0486A6940098B216 /* SSHTunnel.framework */,
				A251D95A10D3A5B00095AD12 /* SSHTunnelHelper */,
			);
			name = Products;
			sourceTree = "<group>";
		};
		0867D691FE84028FC02AAC07 /* SSHTunnel */ = {
			isa = PBXGroup;
			children = (
				08FB77AEFE84172EC02AAC07 /* Classes */,
				32C88DFF0371C24200C91783 /* Other Sources */,
				089C1665FE841158C02AAC07 /* Resources */,
				0867D69AFE84028FC02AAC07 /* External Frameworks and Libraries */,
				034768DFFF38A50411DB9C8B /* Products */,
				A2E573CD10D3A6E70098694A /* Foundation.framework */,
			);
			name = SSHTunnel;
			sourceTree = "<group>";
		};
		0867D69AFE84028FC02AAC07 /* External Frameworks and Libraries */ = {
			isa = PBXGroup;
			children = (
				1058C7B0FEA5585E11CA2CBB /* Linked Frameworks */,
				1058C7B2FEA5585E11CA2CBB /* Other Frameworks */,
			);
			name = "External Frameworks and Libraries";
			sourceTree = "<group>";
		};
		089C1665FE841158C02AAC07 /* Resources */ = {
			isa = PBXGroup;
			children = (
				8DC2EF5A0486A6940098B216 /* Info.plist */,
				089C1666FE841158C02AAC07 /* InfoPlist.strings */,
				A238475510D4B90B001419CF /* README.markdown */,
				A238492410D4F544001419CF /* TODO.markdown */,
				A2072E6310D5F66D00EB85F5 /* License.txt */,
				A2F1DF3110D9EAB4002333AF /* isportinuse.sh */,
			);
			name = Resources;
			sourceTree = "<group>";
		};
		08FB77AEFE84172EC02AAC07 /* Classes */ = {
			isa = PBXGroup;
			children = (
				A251D8E110D365A80095AD12 /* SSHTunnel.h */,
				A251D8E210D365A80095AD12 /* SSHTunnel.m */,
			);
			name = Classes;
			sourceTree = "<group>";
		};
		1058C7B0FEA5585E11CA2CBB /* Linked Frameworks */ = {
			isa = PBXGroup;
			children = (
				0867D69BFE84028FC02AAC07 /* Foundation.framework */,
			);
			name = "Linked Frameworks";
			sourceTree = "<group>";
		};
		1058C7B2FEA5585E11CA2CBB /* Other Frameworks */ = {
			isa = PBXGroup;
			children = (
				1058C7B1FEA5585E11CA2CBB /* Cocoa.framework */,
				0867D6A5FE840307C02AAC07 /* AppKit.framework */,
				D2F7E79907B2D74100F64583 /* CoreData.framework */,
			);
			name = "Other Frameworks";
			sourceTree = "<group>";
		};
		32C88DFF0371C24200C91783 /* Other Sources */ = {
			isa = PBXGroup;
			children = (
				32DBCF5E0370ADEE00C91783 /* SSHTunnel_Prefix.pch */,
				A2BE7DD310D4611E008F0738 /* SSHTunnelDebug.h */,
				A251D95410D3A50F0095AD12 /* SSHTunnelHelper.m */,
			);
			name = "Other Sources";
			sourceTree = "<group>";
		};
/* End PBXGroup section */

/* Begin PBXHeadersBuildPhase section */
		8DC2EF500486A6940098B216 /* Headers */ = {
			isa = PBXHeadersBuildPhase;
			buildActionMask = 2147483647;
			files = (
				A251D8E310D365A80095AD12 /* SSHTunnel.h in Headers */,
				A2BE7DD410D4611E008F0738 /* SSHTunnelDebug.h in Headers */,
			);
			runOnlyForDeploymentPostprocessing = 0;
		};
/* End PBXHeadersBuildPhase section */

/* Begin PBXNativeTarget section */
		8DC2EF4F0486A6940098B216 /* SSHTunnel */ = {
			isa = PBXNativeTarget;
			buildConfigurationList = 1DEB91AD08733DA50010E9CD /* Build configuration list for PBXNativeTarget "SSHTunnel" */;
			buildPhases = (
				8DC2EF500486A6940098B216 /* Headers */,
				8DC2EF520486A6940098B216 /* Resources */,
				8DC2EF540486A6940098B216 /* Sources */,
				8DC2EF560486A6940098B216 /* Frameworks */,
			);
			buildRules = (
			);
			dependencies = (
				A251D9E010D3A5D20095AD12 /* PBXTargetDependency */,
			);
			name = SSHTunnel;
			productInstallPath = "$(HOME)/Library/Frameworks";
			productName = SSHTunnel;
			productReference = 8DC2EF5B0486A6940098B216 /* SSHTunnel.framework */;
			productType = "com.apple.product-type.framework";
		};
		A251D95910D3A5B00095AD12 /* SSHTunnelHelper */ = {
			isa = PBXNativeTarget;
			buildConfigurationList = A251D9E310D3A5F00095AD12 /* Build configuration list for PBXNativeTarget "SSHTunnelHelper" */;
			buildPhases = (
				A251D95710D3A5B00095AD12 /* Sources */,
				A251D95810D3A5B00095AD12 /* Frameworks */,
			);
			buildRules = (
			);
			dependencies = (
			);
			name = SSHTunnelHelper;
			productName = SSHTunnelHelper;
			productReference = A251D95A10D3A5B00095AD12 /* SSHTunnelHelper */;
			productType = "com.apple.product-type.tool";
		};
/* End PBXNativeTarget section */

/* Begin PBXProject section */
		0867D690FE84028FC02AAC07 /* Project object */ = {
			isa = PBXProject;
			attributes = {
				BuildIndependentTargetsInParallel = YES;
				ORGANIZATIONNAME = "Joseph A. Roback";
			};
			buildConfigurationList = 1DEB91B108733DA50010E9CD /* Build configuration list for PBXProject "SSHTunnel" */;
			compatibilityVersion = "Xcode 3.2";
			hasScannedForEncodings = 1;
			mainGroup = 0867D691FE84028FC02AAC07 /* SSHTunnel */;
			productRefGroup = 034768DFFF38A50411DB9C8B /* Products */;
			projectDirPath = "";
			projectRoot = "";
			targets = (
				8DC2EF4F0486A6940098B216 /* SSHTunnel */,
				A251D95910D3A5B00095AD12 /* SSHTunnelHelper */,
			);
		};
/* End PBXProject section */

/* Begin PBXResourcesBuildPhase section */
		8DC2EF520486A6940098B216 /* Resources */ = {
			isa = PBXResourcesBuildPhase;
			buildActionMask = 2147483647;
			files = (
				A251D9E910D3A62B0095AD12 /* SSHTunnelHelper in Resources */,
				8DC2EF530486A6940098B216 /* InfoPlist.strings in Resources */,
				A2072E6410D5F66D00EB85F5 /* License.txt in Resources */,
				A2072E6710D5F6E400EB85F5 /* README.markdown in Resources */,
				A2F1DF3210D9EAB4002333AF /* isportinuse.sh in Resources */,
			);
			runOnlyForDeploymentPostprocessing = 0;
		};
/* End PBXResourcesBuildPhase section */

/* Begin PBXSourcesBuildPhase section */
		8DC2EF540486A6940098B216 /* Sources */ = {
			isa = PBXSourcesBuildPhase;
			buildActionMask = 2147483647;
			files = (
				A251D8E410D365A80095AD12 /* SSHTunnel.m in Sources */,
			);
			runOnlyForDeploymentPostprocessing = 0;
		};
		A251D95710D3A5B00095AD12 /* Sources */ = {
			isa = PBXSourcesBuildPhase;
			buildActionMask = 2147483647;
			files = (
				A251D95E10D3A5B90095AD12 /* SSHTunnelHelper.m in Sources */,
			);
			runOnlyForDeploymentPostprocessing = 0;
		};
/* End PBXSourcesBuildPhase section */

/* Begin PBXTargetDependency section */
		A251D9E010D3A5D20095AD12 /* PBXTargetDependency */ = {
			isa = PBXTargetDependency;
			target = A251D95910D3A5B00095AD12 /* SSHTunnelHelper */;
			targetProxy = A251D9DF10D3A5D20095AD12 /* PBXContainerItemProxy */;
		};
/* End PBXTargetDependency section */

/* Begin PBXVariantGroup section */
		089C1666FE841158C02AAC07 /* InfoPlist.strings */ = {
			isa = PBXVariantGroup;
			children = (
				089C1667FE841158C02AAC07 /* English */,
			);
			name = InfoPlist.strings;
			sourceTree = "<group>";
		};
/* End PBXVariantGroup section */

/* Begin XCBuildConfiguration section */
		1DEB91AE08733DA50010E9CD /* Debug */ = {
			isa = XCBuildConfiguration;
			buildSettings = {
				ALWAYS_SEARCH_USER_PATHS = NO;
				DYLIB_COMPATIBILITY_VERSION = 1;
				DYLIB_CURRENT_VERSION = 1;
				FRAMEWORK_VERSION = A;
				GCC_PRECOMPILE_PREFIX_HEADER = YES;
				GCC_PREFIX_HEADER = SSHTunnel_Prefix.pch;
				INFOPLIST_FILE = Info.plist;
				INSTALL_PATH = "@loader_path/../Frameworks";
				PRODUCT_NAME = SSHTunnel;
				WRAPPER_EXTENSION = framework;
			};
			name = Debug;
		};
		1DEB91AF08733DA50010E9CD /* Release */ = {
			isa = XCBuildConfiguration;
			buildSettings = {
				ALWAYS_SEARCH_USER_PATHS = NO;
				DYLIB_COMPATIBILITY_VERSION = 1;
				DYLIB_CURRENT_VERSION = 1;
				FRAMEWORK_VERSION = A;
				GCC_PRECOMPILE_PREFIX_HEADER = YES;
				GCC_PREFIX_HEADER = SSHTunnel_Prefix.pch;
				INFOPLIST_FILE = Info.plist;
				INSTALL_PATH = "@loader_path/../Frameworks";
				OTHER_CFLAGS = "-DNDEBUG";
				PRODUCT_NAME = SSHTunnel;
				WRAPPER_EXTENSION = framework;
			};
			name = Release;
		};
		1DEB91B208733DA50010E9CD /* Debug */ = {
			isa = XCBuildConfiguration;
			buildSettings = {
				ARCHS = "$(ARCHS_STANDARD_32_64_BIT)";
				GCC_C_LANGUAGE_STANDARD = gnu99;
				GCC_ENABLE_OBJC_GC = supported;
				GCC_OPTIMIZATION_LEVEL = 0;
				GCC_PRECOMPILE_PREFIX_HEADER = YES;
				GCC_WARN_ABOUT_RETURN_TYPE = YES;
				GCC_WARN_UNUSED_VARIABLE = YES;
				ONLY_ACTIVE_ARCH = YES;
				PREBINDING = NO;
				RUN_CLANG_STATIC_ANALYZER = YES;
				SDKROOT = macosx10.5;
			};
			name = Debug;
		};
		1DEB91B308733DA50010E9CD /* Release */ = {
			isa = XCBuildConfiguration;
			buildSettings = {
				ARCHS = "$(ARCHS_STANDARD_32_64_BIT)";
				GCC_AUTO_VECTORIZATION = YES;
				GCC_C_LANGUAGE_STANDARD = gnu99;
				GCC_ENABLE_OBJC_GC = supported;
				GCC_PRECOMPILE_PREFIX_HEADER = YES;
				GCC_STRICT_ALIASING = YES;
				GCC_WARN_ABOUT_RETURN_TYPE = YES;
				GCC_WARN_UNUSED_VARIABLE = YES;
				PREBINDING = NO;
				RUN_CLANG_STATIC_ANALYZER = YES;
				SDKROOT = macosx10.5;
			};
			name = Release;
		};
		A251D95C10D3A5B10095AD12 /* Debug */ = {
			isa = XCBuildConfiguration;
			buildSettings = {
				ALWAYS_SEARCH_USER_PATHS = NO;
				GCC_PRECOMPILE_PREFIX_HEADER = YES;
				GCC_PREFIX_HEADER = "$(SYSTEM_LIBRARY_DIR)/Frameworks/Foundation.framework/Headers/Foundation.h";
				PRODUCT_NAME = SSHTunnelHelper;
			};
			name = Debug;
		};
		A251D95D10D3A5B10095AD12 /* Release */ = {
			isa = XCBuildConfiguration;
			buildSettings = {
				ALWAYS_SEARCH_USER_PATHS = NO;
				GCC_PRECOMPILE_PREFIX_HEADER = YES;
				GCC_PREFIX_HEADER = "$(SYSTEM_LIBRARY_DIR)/Frameworks/Foundation.framework/Headers/Foundation.h";
				PRODUCT_NAME = SSHTunnelHelper;
			};
			name = Release;
		};
/* End XCBuildConfiguration section */

/* Begin XCConfigurationList section */
		1DEB91AD08733DA50010E9CD /* Build configuration list for PBXNativeTarget "SSHTunnel" */ = {
			isa = XCConfigurationList;
			buildConfigurations = (
				1DEB91AE08733DA50010E9CD /* Debug */,
				1DEB91AF08733DA50010E9CD /* Release */,
			);
			defaultConfigurationIsVisible = 0;
			defaultConfigurationName = Release;
		};
		1DEB91B108733DA50010E9CD /* Build configuration list for PBXProject "SSHTunnel" */ = {
			isa = XCConfigurationList;
			buildConfigurations = (
				1DEB91B208733DA50010E9CD /* Debug */,
				1DEB91B308733DA50010E9CD /* Release */,
			);
			defaultConfigurationIsVisible = 0;
			defaultConfigurationName = Release;
		};
		A251D9E310D3A5F00095AD12 /* Build configuration list for PBXNativeTarget "SSHTunnelHelper" */ = {
			isa = XCConfigurationList;
			buildConfigurations = (
				A251D95C10D3A5B10095AD12 /* Debug */,
				A251D95D10D3A5B10095AD12 /* Release */,
			);
			defaultConfigurationIsVisible = 0;
			defaultConfigurationName = Release;
		};
/* End XCConfigurationList section */
	};
	rootObject = 0867D690FE84028FC02AAC07 /* Project object */;
}
